PODS:
  - Alamofire (4.5.1)
  - AWSCore (2.6.5)
  - AWSSQS (2.6.5):
    - AWSCore (= 2.6.5)
  - IndoorwaySdk (2.0.0):
    - Alamofire (~> 4.5.1)
    - AWSSQS (~> 2.6.1)
    - SwiftyJSON (~> 3.1.4)
  - SwiftyJSON (3.1.4)

DEPENDENCIES:
  - IndoorwaySdk (from `../`)

EXTERNAL SOURCES:
  IndoorwaySdk:
    :path: ../

SPEC CHECKSUMS:
  Alamofire: 2d95912bf4c34f164fdfc335872e8c312acaea4a
  AWSCore: b4895b4a5256d0040f8825ad31f3477d081f508f
  AWSSQS: 631a59b6cc783271cbd7244224d5a0a924796111
  IndoorwaySdk: 81189f205ba398e79912565e9e14f7f922ea0bc4
  SwiftyJSON: c2842d878f95482ffceec5709abc3d05680c0220

PODFILE CHECKSUM: 605eb1b8840f5a109c11461176fd819fa934ec49

COCOAPODS: 1.3.1
