PODS:
  - Alamofire (4.5.0)
  - AWSCore (2.5.10)
  - AWSSQS (2.5.10):
    - AWSCore (= 2.5.10)
  - CryptoSwift (0.6.9)
  - IndoorwayKit (1.4.1):
    - Alamofire (~> 4.5.0)
    - AWSSQS (~> 2.5.9)
    - CryptoSwift (= 0.6.9)
    - Kingfisher (~> 3.10.0)
    - SwiftyJSON (= 3.1.4)
  - Kingfisher (3.10.4)
  - SwiftyJSON (3.1.4)

DEPENDENCIES:
  - IndoorwayKit (from `../`)

EXTERNAL SOURCES:
  IndoorwayKit:
    :path: "../"

SPEC CHECKSUMS:
  Alamofire: f28cdffd29de33a7bfa022cbd63ae95a27fae140
  AWSCore: 490c988f6af48a10ea113ff06c53a1ef72a3534b
  AWSSQS: 5169bd7a0f15568b883b1a8c0ff2a6c6fccb7020
  CryptoSwift: a22f6ba238e9ce4d26ee7bf45b9ed82e7122d4a0
  IndoorwayKit: 7fa5377361727935096e631d2cd611d7c9528dd6
  Kingfisher: dc3a4983e86d2dfa89513664983a82340c11a289
  SwiftyJSON: c2842d878f95482ffceec5709abc3d05680c0220

PODFILE CHECKSUM: 043e463b64e84766e1b7537b82f3d6b8c6f78750

COCOAPODS: 1.2.1
