PODS:
  - Alamofire (4.3.0)
  - AWSCore (2.5.0)
  - AWSSQS (2.5.0):
    - AWSCore (= 2.5.0)
  - CryptoSwift (0.6.7)
  - IndoorwayKit (1.0.0):
    - Alamofire (= 4.3.0)
    - AWSSQS (= 2.5.0)
    - CryptoSwift (= 0.6.7)
    - Kingfisher (= 3.3.4)
    - SwiftyJSON (= 3.1.4)
  - Kingfisher (3.3.4)
  - SwiftyJSON (3.1.4)

DEPENDENCIES:
  - IndoorwayKit (from `../`)

EXTERNAL SOURCES:
  IndoorwayKit:
    :path: ../

SPEC CHECKSUMS:
  Alamofire: 856a113053a7bc9cbe5d6367a555d773fc5cfef7
  AWSCore: e9839d27ceaa2db75934a9c418630ce63c23e347
  AWSSQS: 93394a8dbac61edabc842aa0c185dccb0bada6b6
  CryptoSwift: 685ae257941e5447474348a2b545583e1a16b573
  IndoorwayKit: e7c341e313b9af5464c450c92635470793ca64c9
  Kingfisher: 35f289f015d26e81ea6c85048718c6205f3933c6
  SwiftyJSON: c2842d878f95482ffceec5709abc3d05680c0220

PODFILE CHECKSUM: 043e463b64e84766e1b7537b82f3d6b8c6f78750

COCOAPODS: 1.2.0
